
Microsoft Visual Studio Solution File, Format Version 12.00
# Visual Studio Version 17
VisualStudioVersion = 17.12.35209.166
MinimumVisualStudioVersion = 10.0.40219.1
Project("{FAE04EC0-301F-11D3-BF4B-00C04F79EFBC}") = "ATM", "ATM\ATM.csproj", "{81E9A40C-D5D7-48A4-B1B1-2500CCC59BA4}"
EndProject
Global
	GlobalSection(SolutionConfigurationPlatforms) = preSolution
		Debug|Any CPU = Debug|Any CPU
		Release|Any CPU = Release|Any CPU
	EndGlobalSection
	GlobalSection(ProjectConfigurationPlatforms) = postSolution
		{81E9A40C-D5D7-48A4-B1B1-2500CCC59BA4}.Debug|Any CPU.ActiveCfg = Debug|Any CPU
		{81E9A40C-D5D7-48A4-B1B1-2500CCC59BA4}.Debug|Any CPU.Build.0 = Debug|Any CPU
		{81E9A40C-D5D7-48A4-B1B1-2500CCC59BA4}.Release|Any CPU.ActiveCfg = Release|Any CPU
		{81E9A40C-D5D7-48A4-B1B1-2500CCC59BA4}.Release|Any CPU.Build.0 = Release|Any CPU
	EndGlobalSection
	GlobalSection(SolutionProperties) = preSolution
		HideSolutionNode = FALSE
	EndGlobalSection
	GlobalSection(ExtensibilityGlobals) = postSolution
		SolutionGuid = {100CECAE-8427-4C9B-9DBB-6D1C268799A4}
	EndGlobalSection
EndGlobal
